
Microsoft Visual Studio Solution File, Format Version 12.00
# Visual Studio Version 16
VisualStudioVersion = 16.0.30804.86
MinimumVisualStudioVersion = 10.0.40219.1
Project("{FAE04EC0-301F-11D3-BF4B-00C04F79EFBC}") = "AnonDrop.RecipientClient", "AnonDrop.RecipientClient\AnonDrop.RecipientClient.csproj", "{1D9AB89C-5BB4-400A-AD65-AC163B3A083D}"
EndProject
Global
	GlobalSection(SolutionConfigurationPlatforms) = preSolution
		Debug|Any CPU = Debug|Any CPU
		Release|Any CPU = Release|Any CPU
	EndGlobalSection
	GlobalSection(ProjectConfigurationPlatforms) = postSolution
		{1D9AB89C-5BB4-400A-AD65-AC163B3A083D}.Debug|Any CPU.ActiveCfg = Debug|Any CPU
		{1D9AB89C-5BB4-400A-AD65-AC163B3A083D}.Debug|Any CPU.Build.0 = Debug|Any CPU
		{1D9AB89C-5BB4-400A-AD65-AC163B3A083D}.Release|Any CPU.ActiveCfg = Release|Any CPU
		{1D9AB89C-5BB4-400A-AD65-AC163B3A083D}.Release|Any CPU.Build.0 = Release|Any CPU
	EndGlobalSection
	GlobalSection(SolutionProperties) = preSolution
		HideSolutionNode = FALSE
	EndGlobalSection
	GlobalSection(ExtensibilityGlobals) = postSolution
		SolutionGuid = {7F2A98D2-D77E-4B08-8D14-39C7E491D97C}
	EndGlobalSection
EndGlobal
